{
  "name": "davinci-codemode-host",
  "version": "0.0.0",
  "lockfileVersion": 3,
  "requires": true,
  "packages": {
    "": {
      "name": "davinci-codemode-host",
      "version": "0.0.0",
      "dependencies": {
        "@earendil-works/pi-codemode": "1.0.2",
        "quickjs-wasi": "3.6.2"
      },
      "engines": {
        "node": ">=24.21.0 <25"
      }
    },
    "node_modules/@earendil-works/pi-codemode": {
      "version": "1.0.2",
      "resolved": "https://registry.npmjs.org/@earendil-works/pi-codemode/-/pi-codemode-1.0.2.tgz",
      "integrity": "sha512-tvfDSVz984ra/4y/hIFmYGpP5ojC+C6/ey+DNbjTzfJvbXviW4JYTXwVcm33KAceI0xcOuE+P1yRGLtQgis0/w==",
      "license": "MIT",
      "dependencies": {
        "quickjs-wasi": "3.6.2"
      },
      "engines": {
        "node": ">=22.19.0"
      }
    },
    "node_modules/quickjs-wasi": {
      "version": "3.6.2",
      "resolved": "https://registry.npmjs.org/quickjs-wasi/-/quickjs-wasi-3.6.2.tgz",
      "integrity": "sha512-FCqGtGOrMgzUiIrMNMA2YnsOxCNwo31dzqXvclXUC6xeT35NJLKXQJsvbeCTjvoFAwZgEAPg8U6+KAPDGXn8Mg==",
      "license": "MIT"
    }
  }
}
